
Microsoft Visual Studio Solution File, Format Version 12.00
# Visual Studio 14
VisualStudioVersion = 14.0.24720.0
MinimumVisualStudioVersion = 10.0.40219.1
Project("{FAE04EC0-301F-11D3-BF4B-00C04F79EFBC}") = "GameBuildPortal", "GameBuildPortal\GameBuildPortal.csproj", "{98267A3C-E26B-4589-BECE-BE6E883A7D1B}"
	ProjectSection(ProjectDependencies) = postProject
		{6E97060F-E9F2-4B9A-A295-194573C8CF89} = {6E97060F-E9F2-4B9A-A295-194573C8CF89}
		{730C64C0-B03B-4706-9116-058C34F66C42} = {730C64C0-B03B-4706-9116-058C34F66C42}
	EndProjectSection
EndProject
Project("{FAE04EC0-301F-11D3-BF4B-00C04F79EFBC}") = "GameBuildPortal.Tests", "GameBuildPortal.Tests\GameBuildPortal.Tests.csproj", "{0A7AB6F4-63B3-4E1D-8AFC-A2BE8658D9AC}"
EndProject
Project("{FAE04EC0-301F-11D3-BF4B-00C04F79EFBC}") = "SharedEntities", "SharedEntities\SharedEntities.csproj", "{730C64C0-B03B-4706-9116-058C34F66C42}"
EndProject
Project("{FAE04EC0-301F-11D3-BF4B-00C04F79EFBC}") = "DALayer", "DALayer\DALayer.csproj", "{1771106E-4B5F-421D-96F1-A07436F59A56}"
EndProject
Project("{FAE04EC0-301F-11D3-BF4B-00C04F79EFBC}") = "BLayer", "BLayer2\BLayer.csproj", "{6E97060F-E9F2-4B9A-A295-194573C8CF89}"
EndProject
Project("{FAE04EC0-301F-11D3-BF4B-00C04F79EFBC}") = "SuperAdmin", "SuperAdmin\SuperAdmin.csproj", "{E44CDE9C-314F-4EFE-9E7C-4727FF81929C}"
EndProject
Project("{FAE04EC0-301F-11D3-BF4B-00C04F79EFBC}") = "InteractionSdk", "InteractionSdk\InteractionSdk.csproj", "{5C46A822-8D88-45A2-A418-2220E28F833D}"
EndProject
Project("{FAE04EC0-301F-11D3-BF4B-00C04F79EFBC}") = "Comercio", "Comercio\Comercio.csproj", "{9C9E3508-DB32-4E1B-A495-9C4B435D19BA}"
EndProject
Project("{FAE04EC0-301F-11D3-BF4B-00C04F79EFBC}") = "Ataque", "Ataque\Ataque.csproj", "{FBF01DE8-81D5-4154-B457-FCA931BFCD3F}"
EndProject
Global
	GlobalSection(SolutionConfigurationPlatforms) = preSolution
		Debug|Any CPU = Debug|Any CPU
		Release|Any CPU = Release|Any CPU
	EndGlobalSection
	GlobalSection(ProjectConfigurationPlatforms) = postSolution
		{98267A3C-E26B-4589-BECE-BE6E883A7D1B}.Debug|Any CPU.ActiveCfg = Debug|Any CPU
		{98267A3C-E26B-4589-BECE-BE6E883A7D1B}.Debug|Any CPU.Build.0 = Debug|Any CPU
		{98267A3C-E26B-4589-BECE-BE6E883A7D1B}.Release|Any CPU.ActiveCfg = Release|Any CPU
		{98267A3C-E26B-4589-BECE-BE6E883A7D1B}.Release|Any CPU.Build.0 = Release|Any CPU
		{0A7AB6F4-63B3-4E1D-8AFC-A2BE8658D9AC}.Debug|Any CPU.ActiveCfg = Debug|Any CPU
		{0A7AB6F4-63B3-4E1D-8AFC-A2BE8658D9AC}.Debug|Any CPU.Build.0 = Debug|Any CPU
		{0A7AB6F4-63B3-4E1D-8AFC-A2BE8658D9AC}.Release|Any CPU.ActiveCfg = Release|Any CPU
		{0A7AB6F4-63B3-4E1D-8AFC-A2BE8658D9AC}.Release|Any CPU.Build.0 = Release|Any CPU
		{730C64C0-B03B-4706-9116-058C34F66C42}.Debug|Any CPU.ActiveCfg = Debug|Any CPU
		{730C64C0-B03B-4706-9116-058C34F66C42}.Debug|Any CPU.Build.0 = Debug|Any CPU
		{730C64C0-B03B-4706-9116-058C34F66C42}.Release|Any CPU.ActiveCfg = Release|Any CPU
		{730C64C0-B03B-4706-9116-058C34F66C42}.Release|Any CPU.Build.0 = Release|Any CPU
		{1771106E-4B5F-421D-96F1-A07436F59A56}.Debug|Any CPU.ActiveCfg = Debug|Any CPU
		{1771106E-4B5F-421D-96F1-A07436F59A56}.Debug|Any CPU.Build.0 = Debug|Any CPU
		{1771106E-4B5F-421D-96F1-A07436F59A56}.Release|Any CPU.ActiveCfg = Release|Any CPU
		{1771106E-4B5F-421D-96F1-A07436F59A56}.Release|Any CPU.Build.0 = Release|Any CPU
		{6E97060F-E9F2-4B9A-A295-194573C8CF89}.Debug|Any CPU.ActiveCfg = Debug|Any CPU
		{6E97060F-E9F2-4B9A-A295-194573C8CF89}.Debug|Any CPU.Build.0 = Debug|Any CPU
		{6E97060F-E9F2-4B9A-A295-194573C8CF89}.Release|Any CPU.ActiveCfg = Release|Any CPU
		{6E97060F-E9F2-4B9A-A295-194573C8CF89}.Release|Any CPU.Build.0 = Release|Any CPU
		{E44CDE9C-314F-4EFE-9E7C-4727FF81929C}.Debug|Any CPU.ActiveCfg = Debug|Any CPU
		{E44CDE9C-314F-4EFE-9E7C-4727FF81929C}.Debug|Any CPU.Build.0 = Debug|Any CPU
		{E44CDE9C-314F-4EFE-9E7C-4727FF81929C}.Release|Any CPU.ActiveCfg = Release|Any CPU
		{E44CDE9C-314F-4EFE-9E7C-4727FF81929C}.Release|Any CPU.Build.0 = Release|Any CPU
		{5C46A822-8D88-45A2-A418-2220E28F833D}.Debug|Any CPU.ActiveCfg = Debug|Any CPU
		{5C46A822-8D88-45A2-A418-2220E28F833D}.Debug|Any CPU.Build.0 = Debug|Any CPU
		{5C46A822-8D88-45A2-A418-2220E28F833D}.Release|Any CPU.ActiveCfg = Release|Any CPU
		{5C46A822-8D88-45A2-A418-2220E28F833D}.Release|Any CPU.Build.0 = Release|Any CPU
		{9C9E3508-DB32-4E1B-A495-9C4B435D19BA}.Debug|Any CPU.ActiveCfg = Debug|Any CPU
		{9C9E3508-DB32-4E1B-A495-9C4B435D19BA}.Debug|Any CPU.Build.0 = Debug|Any CPU
		{9C9E3508-DB32-4E1B-A495-9C4B435D19BA}.Release|Any CPU.ActiveCfg = Release|Any CPU
		{9C9E3508-DB32-4E1B-A495-9C4B435D19BA}.Release|Any CPU.Build.0 = Release|Any CPU
		{FBF01DE8-81D5-4154-B457-FCA931BFCD3F}.Debug|Any CPU.ActiveCfg = Debug|Any CPU
		{FBF01DE8-81D5-4154-B457-FCA931BFCD3F}.Debug|Any CPU.Build.0 = Debug|Any CPU
		{FBF01DE8-81D5-4154-B457-FCA931BFCD3F}.Release|Any CPU.ActiveCfg = Release|Any CPU
		{FBF01DE8-81D5-4154-B457-FCA931BFCD3F}.Release|Any CPU.Build.0 = Release|Any CPU
	EndGlobalSection
	GlobalSection(SolutionProperties) = preSolution
		HideSolutionNode = FALSE
	EndGlobalSection
EndGlobal
