
Microsoft Visual Studio Solution File, Format Version 12.00
# Visual Studio 14
VisualStudioVersion = 14.0.24720.0
MinimumVisualStudioVersion = 10.0.40219.1
Project("{FAE04EC0-301F-11D3-BF4B-00C04F79EFBC}") = "GameBuildPortal", "GameBuildPortal\GameBuildPortal.csproj", "{98267A3C-E26B-4589-BECE-BE6E883A7D1B}"
	ProjectSection(ProjectDependencies) = postProject
		{6E97060F-E9F2-4B9A-A295-194573C8CF89} = {6E97060F-E9F2-4B9A-A295-194573C8CF89}
		{730C64C0-B03B-4706-9116-058C34F66C42} = {730C64C0-B03B-4706-9116-058C34F66C42}
	EndProjectSection
EndProject
Project("{FAE04EC0-301F-11D3-BF4B-00C04F79EFBC}") = "GameBuildPortal.Tests", "GameBuildPortal.Tests\GameBuildPortal.Tests.csproj", "{0A7AB6F4-63B3-4E1D-8AFC-A2BE8658D9AC}"
EndProject
Project("{FAE04EC0-301F-11D3-BF4B-00C04F79EFBC}") = "SharedEntities", "SharedEntities\SharedEntities.csproj", "{730C64C0-B03B-4706-9116-058C34F66C42}"
EndProject
Project("{FAE04EC0-301F-11D3-BF4B-00C04F79EFBC}") = "DALayer", "DALayer\DALayer.csproj", "{1771106E-4B5F-421D-96F1-A07436F59A56}"
EndProject
Project("{FAE04EC0-301F-11D3-BF4B-00C04F79EFBC}") = "BLayer", "BLayer2\BLayer.csproj", "{6E97060F-E9F2-4B9A-A295-194573C8CF89}"
EndProject
Project("{FAE04EC0-301F-11D3-BF4B-00C04F79EFBC}") = "SuperAdmin", "WebApplication1\SuperAdmin.csproj", "{F2ED5A63-8786-4C7C-977A-D6BB8CC8D2EB}"
EndProject
Global
	GlobalSection(SolutionConfigurationPlatforms) = preSolution
		Debug|Any CPU = Debug|Any CPU
		Release|Any CPU = Release|Any CPU
	EndGlobalSection
	GlobalSection(ProjectConfigurationPlatforms) = postSolution
		{98267A3C-E26B-4589-BECE-BE6E883A7D1B}.Debug|Any CPU.ActiveCfg = Debug|Any CPU
		{98267A3C-E26B-4589-BECE-BE6E883A7D1B}.Debug|Any CPU.Build.0 = Debug|Any CPU
		{98267A3C-E26B-4589-BECE-BE6E883A7D1B}.Release|Any CPU.ActiveCfg = Release|Any CPU
		{98267A3C-E26B-4589-BECE-BE6E883A7D1B}.Release|Any CPU.Build.0 = Release|Any CPU
		{0A7AB6F4-63B3-4E1D-8AFC-A2BE8658D9AC}.Debug|Any CPU.ActiveCfg = Debug|Any CPU
		{0A7AB6F4-63B3-4E1D-8AFC-A2BE8658D9AC}.Debug|Any CPU.Build.0 = Debug|Any CPU
		{0A7AB6F4-63B3-4E1D-8AFC-A2BE8658D9AC}.Release|Any CPU.ActiveCfg = Release|Any CPU
		{0A7AB6F4-63B3-4E1D-8AFC-A2BE8658D9AC}.Release|Any CPU.Build.0 = Release|Any CPU
		{730C64C0-B03B-4706-9116-058C34F66C42}.Debug|Any CPU.ActiveCfg = Debug|Any CPU
		{730C64C0-B03B-4706-9116-058C34F66C42}.Debug|Any CPU.Build.0 = Debug|Any CPU
		{730C64C0-B03B-4706-9116-058C34F66C42}.Release|Any CPU.ActiveCfg = Release|Any CPU
		{730C64C0-B03B-4706-9116-058C34F66C42}.Release|Any CPU.Build.0 = Release|Any CPU
		{1771106E-4B5F-421D-96F1-A07436F59A56}.Debug|Any CPU.ActiveCfg = Debug|Any CPU
		{1771106E-4B5F-421D-96F1-A07436F59A56}.Debug|Any CPU.Build.0 = Debug|Any CPU
		{1771106E-4B5F-421D-96F1-A07436F59A56}.Release|Any CPU.ActiveCfg = Release|Any CPU
		{1771106E-4B5F-421D-96F1-A07436F59A56}.Release|Any CPU.Build.0 = Release|Any CPU
		{6E97060F-E9F2-4B9A-A295-194573C8CF89}.Debug|Any CPU.ActiveCfg = Debug|Any CPU
		{6E97060F-E9F2-4B9A-A295-194573C8CF89}.Debug|Any CPU.Build.0 = Debug|Any CPU
		{6E97060F-E9F2-4B9A-A295-194573C8CF89}.Release|Any CPU.ActiveCfg = Release|Any CPU
		{6E97060F-E9F2-4B9A-A295-194573C8CF89}.Release|Any CPU.Build.0 = Release|Any CPU
		{F2ED5A63-8786-4C7C-977A-D6BB8CC8D2EB}.Debug|Any CPU.ActiveCfg = Debug|Any CPU
		{F2ED5A63-8786-4C7C-977A-D6BB8CC8D2EB}.Debug|Any CPU.Build.0 = Debug|Any CPU
		{F2ED5A63-8786-4C7C-977A-D6BB8CC8D2EB}.Release|Any CPU.ActiveCfg = Release|Any CPU
		{F2ED5A63-8786-4C7C-977A-D6BB8CC8D2EB}.Release|Any CPU.Build.0 = Release|Any CPU
	EndGlobalSection
	GlobalSection(SolutionProperties) = preSolution
		HideSolutionNode = FALSE
	EndGlobalSection
EndGlobal
